
Microsoft Visual Studio Solution File, Format Version 12.00
# Visual Studio 15
VisualStudioVersion = 15.0.28307.106
MinimumVisualStudioVersion = 10.0.40219.1
Project("{8BC9CEB8-8B4A-11D0-8D11-00A0C91BC942}") = "PersonBehaviorAnalyser", "PersonBehaviorAnalyser\PersonBehaviorAnalyser.vcxproj", "{F17AED49-22E5-4DDC-9169-EF21B00D7822}"
EndProject
Project("{8BC9CEB8-8B4A-11D0-8D11-00A0C91BC942}") = "DataCapture", "DataCapture\DataCapture.vcxproj", "{9D8CE598-A8FB-4C30-BDB1-04E8E312A088}"
EndProject
Global
	GlobalSection(SolutionConfigurationPlatforms) = preSolution
		Debug|x64 = Debug|x64
		Debug|x86 = Debug|x86
		Release|x64 = Release|x64
		Release|x86 = Release|x86
	EndGlobalSection
	GlobalSection(ProjectConfigurationPlatforms) = postSolution
		{F17AED49-22E5-4DDC-9169-EF21B00D7822}.Debug|x64.ActiveCfg = Debug|x64
		{F17AED49-22E5-4DDC-9169-EF21B00D7822}.Debug|x64.Build.0 = Debug|x64
		{F17AED49-22E5-4DDC-9169-EF21B00D7822}.Debug|x86.ActiveCfg = Debug|Win32
		{F17AED49-22E5-4DDC-9169-EF21B00D7822}.Debug|x86.Build.0 = Debug|Win32
		{F17AED49-22E5-4DDC-9169-EF21B00D7822}.Release|x64.ActiveCfg = Release|x64
		{F17AED49-22E5-4DDC-9169-EF21B00D7822}.Release|x64.Build.0 = Release|x64
		{F17AED49-22E5-4DDC-9169-EF21B00D7822}.Release|x86.ActiveCfg = Release|Win32
		{F17AED49-22E5-4DDC-9169-EF21B00D7822}.Release|x86.Build.0 = Release|Win32
		{9D8CE598-A8FB-4C30-BDB1-04E8E312A088}.Debug|x64.ActiveCfg = Debug|x64
		{9D8CE598-A8FB-4C30-BDB1-04E8E312A088}.Debug|x64.Build.0 = Debug|x64
		{9D8CE598-A8FB-4C30-BDB1-04E8E312A088}.Debug|x86.ActiveCfg = Debug|Win32
		{9D8CE598-A8FB-4C30-BDB1-04E8E312A088}.Debug|x86.Build.0 = Debug|Win32
		{9D8CE598-A8FB-4C30-BDB1-04E8E312A088}.Release|x64.ActiveCfg = Release|x64
		{9D8CE598-A8FB-4C30-BDB1-04E8E312A088}.Release|x64.Build.0 = Release|x64
		{9D8CE598-A8FB-4C30-BDB1-04E8E312A088}.Release|x86.ActiveCfg = Release|Win32
		{9D8CE598-A8FB-4C30-BDB1-04E8E312A088}.Release|x86.Build.0 = Release|Win32
	EndGlobalSection
	GlobalSection(SolutionProperties) = preSolution
		HideSolutionNode = FALSE
	EndGlobalSection
	GlobalSection(ExtensibilityGlobals) = postSolution
		SolutionGuid = {B1D33780-6902-4445-952E-C481492857D2}
	EndGlobalSection
EndGlobal
